<?xml version="1.0" encoding="utf-8"?>
<Project ToolsVersion="4.0" xmlns="http://schemas.microsoft.com/developer/msbuild/2003">
  <ItemGroup>
    <Filter Include="소스 파일">
      <UniqueIdentifier>{4FC737F1-C7A5-4376-A066-2A32D752A2FF}</UniqueIdentifier>
      <Extensions>cpp;c;cc;cxx;c++;cppm;ixx;def;odl;idl;hpj;bat;asm;asmx</Extensions>
    </Filter>
    <Filter Include="헤더 파일">
      <UniqueIdentifier>{93995380-89BD-4b04-88EB-625FBE52EBFB}</UniqueIdentifier>
      <Extensions>h;hh;hpp;hxx;h++;hm;inl;inc;ipp;xsd</Extensions>
    </Filter>
    <Filter Include="리소스 파일">
      <UniqueIdentifier>{67DA6AB6-F800-4c08-8B7A-83BB121AAD01}</UniqueIdentifier>
      <Extensions>rc;ico;cur;bmp;dlg;rc2;rct;bin;rgs;gif;jpg;jpeg;jpe;resx;tiff;tif;png;wav;mfcribbon-ms</Extensions>
    </Filter>
    <Filter Include="Engine">
      <UniqueIdentifier>{ddedc286-af9b-4960-ab07-4a4a7e2c1d9a}</UniqueIdentifier>
    </Filter>
    <Filter Include="Constant">
      <UniqueIdentifier>{21d59e0c-798e-4657-937c-8ddcac11dc8e}</UniqueIdentifier>
    </Filter>
    <Filter Include="Constant\Headers">
      <UniqueIdentifier>{2877404b-9113-4f2b-abd3-a672887df582}</UniqueIdentifier>
    </Filter>
    <Filter Include="Constant\Sources">
      <UniqueIdentifier>{1daaff77-593d-4a38-bb28-f2918b2b95d9}</UniqueIdentifier>
    </Filter>
    <Filter Include="Engine\Core">
      <UniqueIdentifier>{8866e6b0-8477-4cdf-82bd-66e6df6893c6}</UniqueIdentifier>
    </Filter>
    <Filter Include="Engine\Component">
      <UniqueIdentifier>{fa907733-dccb-46c9-b687-9c8575390e56}</UniqueIdentifier>
    </Filter>
    <Filter Include="Engine\Utility">
      <UniqueIdentifier>{62fce090-481e-4e67-b6fa-10c532f627b8}</UniqueIdentifier>
    </Filter>
    <Filter Include="Engine\Graphics">
      <UniqueIdentifier>{1ea0f648-d062-4b29-a2b5-4d3bf23d1a37}</UniqueIdentifier>
    </Filter>
    <Filter Include="Engine\Imgui">
      <UniqueIdentifier>{94e4a97d-768f-4b0f-beda-fcb96f695635}</UniqueIdentifier>
    </Filter>
    <Filter Include="Engine\Imgui\core">
      <UniqueIdentifier>{f9e33a03-f6a3-4daf-8b3d-1e958039cf50}</UniqueIdentifier>
    </Filter>
    <Filter Include="Engine\shader">
      <UniqueIdentifier>{95759722-dea5-4dcc-b807-edad8d82ccc0}</UniqueIdentifier>
    </Filter>
  </ItemGroup>
  <ItemGroup>
    <ClInclude Include="..\shareds\constants\headers\convert_math.h">
      <Filter>Constant\Headers</Filter>
    </ClInclude>
    <ClInclude Include="..\shareds\constants\headers\convert_string.h">
      <Filter>Constant\Headers</Filter>
    </ClInclude>
    <ClInclude Include="..\shareds\constants\headers\convert_total.h">
      <Filter>Constant\Headers</Filter>
    </ClInclude>
    <ClInclude Include="..\shareds\constants\headers\debug_console.h">
      <Filter>Constant\Headers</Filter>
    </ClInclude>
    <ClInclude Include="..\shareds\constants\headers\pch.h">
      <Filter>Constant\Headers</Filter>
    </ClInclude>
    <ClInclude Include="..\shareds\constants\headers\simple_mesh_LH.h">
      <Filter>Constant\Headers</Filter>
    </ClInclude>
    <ClInclude Include="..\shareds\constants\headers\convert_directx.h">
      <Filter>Constant\Headers</Filter>
    </ClInclude>
    <ClInclude Include="..\shareds\engines\headers\DXEngine.h">
      <Filter>Engine\Core</Filter>
    </ClInclude>
    <ClInclude Include="..\shareds\engines\headers\GameObject.h">
      <Filter>Engine\Core</Filter>
    </ClInclude>
    <ClInclude Include="..\shareds\engines\headers\input_module.h">
      <Filter>Engine\Core</Filter>
    </ClInclude>
    <ClInclude Include="..\shareds\engines\headers\Scene.h">
      <Filter>Engine\Core</Filter>
    </ClInclude>
    <ClInclude Include="..\shareds\engines\headers\singleton.h">
      <Filter>Engine\Core</Filter>
    </ClInclude>
    <ClInclude Include="..\shareds\engines\headers\Transform.h">
      <Filter>Engine\Component</Filter>
    </ClInclude>
    <ClInclude Include="..\shareds\engines\headers\Component.h">
      <Filter>Engine\Component</Filter>
    </ClInclude>
    <ClInclude Include="..\shareds\engines\headers\engine_utility.h">
      <Filter>Engine\Utility</Filter>
    </ClInclude>
    <ClInclude Include="..\shareds\engines\headers\IClone.h">
      <Filter>Engine\Utility</Filter>
    </ClInclude>
    <ClInclude Include="..\shareds\engines\headers\class_define.h">
      <Filter>Engine</Filter>
    </ClInclude>
    <ClInclude Include="..\shareds\engines\headers\stdafx.h">
      <Filter>Engine</Filter>
    </ClInclude>
    <ClInclude Include="..\shareds\engines\headers\SceneManager.h">
      <Filter>Engine\Core</Filter>
    </ClInclude>
    <ClInclude Include="..\shareds\engines\headers\ResourceManager.h">
      <Filter>Engine\Core</Filter>
    </ClInclude>
    <ClInclude Include="..\shareds\engines\headers\IDelayedDestroy.h">
      <Filter>Engine\Utility</Filter>
    </ClInclude>
    <ClInclude Include="..\shareds\constants\headers\simple_mesh_ext.h">
      <Filter>Constant\Headers</Filter>
    </ClInclude>
    <ClInclude Include="..\shareds\engines\headers\Input.h">
      <Filter>Engine\Core</Filter>
    </ClInclude>
    <ClInclude Include="..\shareds\engines\headers\IType.h">
      <Filter>Engine\Utility</Filter>
    </ClInclude>
    <ClInclude Include="..\shareds\engines\headers\EObject.h">
      <Filter>Engine\Utility</Filter>
    </ClInclude>
    <ClInclude Include="..\plugins\includes\imgui\imconfig.h">
      <Filter>Engine\Imgui\core</Filter>
    </ClInclude>
    <ClInclude Include="..\plugins\includes\imgui\imgui.h">
      <Filter>Engine\Imgui\core</Filter>
    </ClInclude>
    <ClInclude Include="..\plugins\includes\imgui\imgui_internal.h">
      <Filter>Engine\Imgui\core</Filter>
    </ClInclude>
    <ClInclude Include="..\plugins\includes\imgui\imstb_rectpack.h">
      <Filter>Engine\Imgui\core</Filter>
    </ClInclude>
    <ClInclude Include="..\plugins\includes\imgui\imstb_textedit.h">
      <Filter>Engine\Imgui\core</Filter>
    </ClInclude>
    <ClInclude Include="..\plugins\includes\imgui\imstb_truetype.h">
      <Filter>Engine\Imgui\core</Filter>
    </ClInclude>
    <ClInclude Include="..\plugins\includes\imgui\backends\imgui_impl_dx12.h">
      <Filter>Engine\Imgui</Filter>
    </ClInclude>
    <ClInclude Include="..\plugins\includes\imgui\backends\imgui_impl_win32.h">
      <Filter>Engine\Imgui</Filter>
    </ClInclude>
    <ClInclude Include="..\shareds\engines\headers\Vertex.h">
      <Filter>Engine\Graphics</Filter>
    </ClInclude>
    <ClInclude Include="..\shareds\constants\headers\convert_assimp.h">
      <Filter>Constant\Headers</Filter>
    </ClInclude>
    <ClInclude Include="..\shareds\engines\headers\MeshRenderer.h">
      <Filter>Engine\Component</Filter>
    </ClInclude>
    <ClInclude Include="..\shareds\engines\headers\MeshLinker.h">
      <Filter>Engine\Component</Filter>
    </ClInclude>
    <ClInclude Include="..\shareds\engines\headers\Camera.h">
      <Filter>Engine\Component</Filter>
    </ClInclude>
    <ClInclude Include="..\shareds\engines\headers\SkinnedMeshRenderer.h">
      <Filter>Engine\Component</Filter>
    </ClInclude>
    <ClInclude Include="..\shareds\engines\headers\Mesh.h">
      <Filter>Engine\Graphics</Filter>
    </ClInclude>
    <ClInclude Include="..\shareds\engines\headers\Model.h">
      <Filter>Engine\Graphics</Filter>
    </ClInclude>
    <ClInclude Include="..\shareds\engines\headers\Texture.h">
      <Filter>Engine\Graphics</Filter>
    </ClInclude>
    <ClInclude Include="..\shareds\engines\headers\GraphicManager.h">
      <Filter>Engine\Graphics</Filter>
    </ClInclude>
    <ClInclude Include="..\shareds\engines\headers\Bone.h">
      <Filter>Engine\Graphics</Filter>
    </ClInclude>
    <ClInclude Include="..\shareds\engines\headers\RendererComponent.h">
      <Filter>Engine\Component</Filter>
    </ClInclude>
    <ClInclude Include="..\shareds\constants\headers\graphic_config.h">
      <Filter>Engine\Graphics</Filter>
    </ClInclude>
    <ClInclude Include="..\shareds\engines\headers\GraphicSetting.h">
      <Filter>Engine\Graphics</Filter>
    </ClInclude>
    <ClInclude Include="..\shareds\engines\headers\SoundManager.h">
      <Filter>Engine\Core</Filter>
    </ClInclude>
    <ClInclude Include="..\shareds\constants\headers\Timer.h">
      <Filter>Constant\Headers</Filter>
    </ClInclude>
    <ClInclude Include="..\shareds\engines\headers\RenderTargetGroup.h">
      <Filter>Engine\Graphics</Filter>
    </ClInclude>
    <ClInclude Include="..\shareds\engines\headers\RenderTarget.h">
      <Filter>Engine\Graphics</Filter>
    </ClInclude>
    <ClInclude Include="..\shareds\constants\headers\strutil.h">
      <Filter>Constant\Headers</Filter>
    </ClInclude>
    <ClInclude Include="..\shareds\constants\headers\wstrutil.h">
      <Filter>Constant\Headers</Filter>
    </ClInclude>
    <ClInclude Include="..\shareds\engines\headers\RootSignature.h">
      <Filter>Engine\Graphics</Filter>
    </ClInclude>
    <ClInclude Include="..\shareds\engines\headers\Shader.h">
      <Filter>Engine\Graphics</Filter>
    </ClInclude>
  </ItemGroup>
  <ItemGroup>
    <ClCompile Include="Direct12BaseFramework.cpp">
      <Filter>소스 파일</Filter>
    </ClCompile>
    <ClCompile Include="..\shareds\constants\sources\pch.cpp">
      <Filter>Constant\Sources</Filter>
    </ClCompile>
    <ClCompile Include="..\shareds\constants\sources\simple_mesh_LH.cpp">
      <Filter>Constant\Sources</Filter>
    </ClCompile>
    <ClCompile Include="..\shareds\constants\sources\debug_console.cpp">
      <Filter>Constant\Sources</Filter>
    </ClCompile>
    <ClCompile Include="..\shareds\engines\sources\GameObject.cpp">
      <Filter>Engine\Core</Filter>
    </ClCompile>
    <ClCompile Include="..\shareds\engines\sources\input_module.cpp">
      <Filter>Engine\Core</Filter>
    </ClCompile>
    <ClCompile Include="..\shareds\engines\sources\Scene.cpp">
      <Filter>Engine\Core</Filter>
    </ClCompile>
    <ClCompile Include="..\shareds\engines\sources\Singleton.cpp">
      <Filter>Engine\Core</Filter>
    </ClCompile>
    <ClCompile Include="..\shareds\engines\sources\Transform.cpp">
      <Filter>Engine\Component</Filter>
    </ClCompile>
    <ClCompile Include="..\shareds\engines\sources\Component.cpp">
      <Filter>Engine\Component</Filter>
    </ClCompile>
    <ClCompile Include="..\shareds\engines\sources\engine_utility.cpp">
      <Filter>Engine\Utility</Filter>
    </ClCompile>
    <ClCompile Include="..\shareds\engines\sources\IClone.cpp">
      <Filter>Engine\Utility</Filter>
    </ClCompile>
    <ClCompile Include="..\shareds\engines\sources\DXEngine.cpp">
      <Filter>Engine\Core</Filter>
    </ClCompile>
    <ClCompile Include="..\shareds\engines\sources\SceneManager.cpp">
      <Filter>Engine\Core</Filter>
    </ClCompile>
    <ClCompile Include="..\shareds\engines\sources\ResourceManager.cpp">
      <Filter>Engine\Core</Filter>
    </ClCompile>
    <ClCompile Include="..\shareds\engines\sources\IDelayedDestroy.cpp">
      <Filter>Engine\Utility</Filter>
    </ClCompile>
    <ClCompile Include="..\shareds\constants\sources\simple_mesh_ext.cpp">
      <Filter>Constant\Sources</Filter>
    </ClCompile>
    <ClCompile Include="..\shareds\engines\sources\Input.cpp">
      <Filter>Engine\Core</Filter>
    </ClCompile>
    <ClCompile Include="..\shareds\engines\sources\DXEngine_Debug.cpp">
      <Filter>Engine\Core</Filter>
    </ClCompile>
    <ClCompile Include="..\shareds\engines\sources\DXEngine_Pipeline.cpp">
      <Filter>Engine\Core</Filter>
    </ClCompile>
    <ClCompile Include="..\shareds\engines\sources\IType.cpp">
      <Filter>Engine\Utility</Filter>
    </ClCompile>
    <ClCompile Include="..\shareds\engines\sources\EObject.cpp">
      <Filter>Engine\Utility</Filter>
    </ClCompile>
    <ClCompile Include="..\plugins\includes\imgui\imgui.cpp">
      <Filter>Engine\Imgui\core</Filter>
    </ClCompile>
    <ClCompile Include="..\plugins\includes\imgui\imgui_demo.cpp">
      <Filter>Engine\Imgui\core</Filter>
    </ClCompile>
    <ClCompile Include="..\plugins\includes\imgui\imgui_draw.cpp">
      <Filter>Engine\Imgui\core</Filter>
    </ClCompile>
    <ClCompile Include="..\plugins\includes\imgui\imgui_tables.cpp">
      <Filter>Engine\Imgui\core</Filter>
    </ClCompile>
    <ClCompile Include="..\plugins\includes\imgui\imgui_widgets.cpp">
      <Filter>Engine\Imgui\core</Filter>
    </ClCompile>
    <ClCompile Include="..\plugins\includes\imgui\backends\imgui_impl_dx12.cpp">
      <Filter>Engine\Imgui</Filter>
    </ClCompile>
    <ClCompile Include="..\plugins\includes\imgui\backends\imgui_impl_win32.cpp">
      <Filter>Engine\Imgui</Filter>
    </ClCompile>
    <ClCompile Include="..\shareds\engines\sources\Vertex.cpp">
      <Filter>Engine\Graphics</Filter>
    </ClCompile>
    <ClCompile Include="..\shareds\constants\sources\convert_assimp.cpp">
      <Filter>Constant\Sources</Filter>
    </ClCompile>
    <ClCompile Include="..\shareds\engines\sources\MeshRenderer.cpp">
      <Filter>Engine\Component</Filter>
    </ClCompile>
    <ClCompile Include="..\shareds\engines\sources\MeshLinker.cpp">
      <Filter>Engine\Component</Filter>
    </ClCompile>
    <ClCompile Include="..\shareds\engines\sources\Camera.cpp">
      <Filter>Engine\Component</Filter>
    </ClCompile>
    <ClCompile Include="..\shareds\engines\sources\SkinnedMeshRenderer.cpp">
      <Filter>Engine\Component</Filter>
    </ClCompile>
    <ClCompile Include="..\shareds\engines\sources\Mesh.cpp">
      <Filter>Engine\Graphics</Filter>
    </ClCompile>
    <ClCompile Include="..\shareds\engines\sources\Model.cpp">
      <Filter>Engine\Graphics</Filter>
    </ClCompile>
    <ClCompile Include="..\shareds\engines\sources\Texture.cpp">
      <Filter>Engine\Graphics</Filter>
    </ClCompile>
    <ClCompile Include="..\shareds\engines\sources\GraphicManager.cpp">
      <Filter>Engine\Graphics</Filter>
    </ClCompile>
    <ClCompile Include="..\shareds\engines\sources\Bone.cpp">
      <Filter>Engine\Graphics</Filter>
    </ClCompile>
    <ClCompile Include="..\shareds\engines\sources\RendererComponent.cpp">
      <Filter>Engine\Component</Filter>
    </ClCompile>
    <ClCompile Include="..\shareds\constants\sources\graphic_config.cpp">
      <Filter>Engine\Graphics</Filter>
    </ClCompile>
    <ClCompile Include="..\shareds\engines\sources\GraphicSetting.cpp">
      <Filter>Engine\Graphics</Filter>
    </ClCompile>
    <ClCompile Include="..\shareds\engines\sources\SoundManager.cpp">
      <Filter>Engine\Core</Filter>
    </ClCompile>
    <ClCompile Include="..\shareds\constants\sources\Timer.cpp">
      <Filter>Constant\Sources</Filter>
    </ClCompile>
    <ClCompile Include="..\shareds\engines\sources\RenderTargetGroup.cpp">
      <Filter>Engine\Graphics</Filter>
    </ClCompile>
    <ClCompile Include="GraphicManager_Pipeline.cpp">
      <Filter>Engine\Graphics</Filter>
    </ClCompile>
    <ClCompile Include="..\shareds\engines\sources\RenderTarget.cpp">
      <Filter>Engine\Graphics</Filter>
    </ClCompile>
    <ClCompile Include="..\shareds\engines\sources\RootSignature.cpp">
      <Filter>Engine\Graphics</Filter>
    </ClCompile>
    <ClCompile Include="..\shareds\engines\sources\Shader.cpp">
      <Filter>Engine\Graphics</Filter>
    </ClCompile>
  </ItemGroup>
  <ItemGroup>
    <ResourceCompile Include="Direct12BaseFramework.rc">
      <Filter>리소스 파일</Filter>
    </ResourceCompile>
  </ItemGroup>
  <ItemGroup>
    <Image Include="configs\Icons\Direct12BaseFramework.ico">
      <Filter>리소스 파일</Filter>
    </Image>
    <Image Include="configs\Icons\small.ico">
      <Filter>리소스 파일</Filter>
    </Image>
  </ItemGroup>
  <ItemGroup>
    <FxCompile Include="..\shareds\engines\shaders\forward.hlsl">
      <Filter>Engine\shader</Filter>
    </FxCompile>
  </ItemGroup>
</Project>