<?xml version="1.0" encoding="utf-8"?>
<Project ToolsVersion="4.0" xmlns="http://schemas.microsoft.com/developer/msbuild/2003">
  <ItemGroup>
    <Filter Include="소스 파일">
      <UniqueIdentifier>{4FC737F1-C7A5-4376-A066-2A32D752A2FF}</UniqueIdentifier>
      <Extensions>cpp;c;cc;cxx;c++;cppm;ixx;def;odl;idl;hpj;bat;asm;asmx</Extensions>
    </Filter>
    <Filter Include="헤더 파일">
      <UniqueIdentifier>{93995380-89BD-4b04-88EB-625FBE52EBFB}</UniqueIdentifier>
      <Extensions>h;hh;hpp;hxx;h++;hm;inl;inc;ipp;xsd</Extensions>
    </Filter>
    <Filter Include="리소스 파일">
      <UniqueIdentifier>{67DA6AB6-F800-4c08-8B7A-83BB121AAD01}</UniqueIdentifier>
      <Extensions>rc;ico;cur;bmp;dlg;rc2;rct;bin;rgs;gif;jpg;jpeg;jpe;resx;tiff;tif;png;wav;mfcribbon-ms</Extensions>
    </Filter>
    <Filter Include="소스 파일\과제1">
      <UniqueIdentifier>{f2c8e4fa-f8bc-40c0-b417-42a8b5f6d4f8}</UniqueIdentifier>
    </Filter>
    <Filter Include="소스 파일\과제2">
      <UniqueIdentifier>{4682915d-8e54-45c1-b841-d2b637f00e1b}</UniqueIdentifier>
    </Filter>
    <Filter Include="소스 파일\모듈 개발">
      <UniqueIdentifier>{24e03474-86ca-4f5a-8bee-4fcc68cd9838}</UniqueIdentifier>
    </Filter>
    <Filter Include="소스 파일\과제3">
      <UniqueIdentifier>{4b7b480a-6437-4dce-8cb5-31c6014beb89}</UniqueIdentifier>
    </Filter>
  </ItemGroup>
  <ItemGroup>
    <ClCompile Include="TestProject.cpp">
      <Filter>소스 파일</Filter>
    </ClCompile>
    <ClCompile Include="Project_Module\CameraController.cpp">
      <Filter>소스 파일\모듈 개발</Filter>
    </ClCompile>
    <ClCompile Include="Project_Module\TestScene.cpp">
      <Filter>소스 파일\모듈 개발</Filter>
    </ClCompile>
    <ClCompile Include="Project_Study1\Bullet.cpp">
      <Filter>소스 파일\과제1</Filter>
    </ClCompile>
    <ClCompile Include="Project_Study1\Study1Scene.cpp">
      <Filter>소스 파일\과제1</Filter>
    </ClCompile>
    <ClCompile Include="Project_Study2\Study2Scene.cpp">
      <Filter>소스 파일\과제2</Filter>
    </ClCompile>
    <ClCompile Include="Project_Study1\PlayerComponent.cpp">
      <Filter>소스 파일\과제1</Filter>
    </ClCompile>
    <ClCompile Include="Project_Study2\TreeRenderer.cpp">
      <Filter>소스 파일\과제2</Filter>
    </ClCompile>
    <ClCompile Include="Project_Study3\Study3Scene.cpp">
      <Filter>소스 파일\과제3</Filter>
    </ClCompile>
  </ItemGroup>
  <ItemGroup>
    <ClInclude Include="Project_Module\CameraController.h">
      <Filter>소스 파일\모듈 개발</Filter>
    </ClInclude>
    <ClInclude Include="Project_Module\TestScene.h">
      <Filter>소스 파일\모듈 개발</Filter>
    </ClInclude>
    <ClInclude Include="Project_Study1\Bullet.h">
      <Filter>소스 파일\과제1</Filter>
    </ClInclude>
    <ClInclude Include="Project_Study1\PlayerComponent.h">
      <Filter>소스 파일\과제1</Filter>
    </ClInclude>
    <ClInclude Include="Project_Study1\Study1Scene.h">
      <Filter>소스 파일\과제1</Filter>
    </ClInclude>
    <ClInclude Include="Project_Study2\Study2Scene.h">
      <Filter>소스 파일\과제2</Filter>
    </ClInclude>
    <ClInclude Include="Project_Study2\TreeRenderer.h">
      <Filter>소스 파일\과제2</Filter>
    </ClInclude>
    <ClInclude Include="Project_Study3\Study3Scene.h">
      <Filter>소스 파일\과제3</Filter>
    </ClInclude>
  </ItemGroup>
  <ItemGroup>
    <FxCompile Include="resources\shaders\water.hlsl">
      <Filter>소스 파일\과제2</Filter>
    </FxCompile>
    <FxCompile Include="resources\shaders\gress.hlsl">
      <Filter>소스 파일\과제2</Filter>
    </FxCompile>
  </ItemGroup>
</Project>